
Microsoft Visual Studio Solution File, Format Version 12.00
# Visual Studio Version 16
VisualStudioVersion = 16.0.30907.101
MinimumVisualStudioVersion = 10.0.40219.1
Project("{9A19103F-16F7-4668-BE54-9A1E7A4F7556}") = "PocketTools", "PocketTools\PocketTools.csproj", "{7E5F349E-E24F-43C6-80ED-80B1F623328E}"
EndProject
Project("{9A19103F-16F7-4668-BE54-9A1E7A4F7556}") = "PocketTools.Test", "PocketTools.Test\PocketTools.Test.csproj", "{1F0C74B3-5CCB-48EB-A180-A56A01F0E149}"
EndProject
Project("{2150E333-8FDC-42A3-9474-1A3956D46DE8}") = "Solution Items", "Solution Items", "{D55B6B11-8095-439D-BE48-264DA3072E0C}"
	ProjectSection(SolutionItems) = preProject
		.gitignore = .gitignore
		.github\workflows\BuildTest.yml = .github\workflows\BuildTest.yml
		LICENSE = LICENSE
		.github\workflows\PublishNuGet.yml = .github\workflows\PublishNuGet.yml
		README.md = README.md
	EndProjectSection
EndProject
Global
	GlobalSection(SolutionConfigurationPlatforms) = preSolution
		Debug|Any CPU = Debug|Any CPU
		Release|Any CPU = Release|Any CPU
	EndGlobalSection
	GlobalSection(ProjectConfigurationPlatforms) = postSolution
		{7E5F349E-E24F-43C6-80ED-80B1F623328E}.Debug|Any CPU.ActiveCfg = Debug|Any CPU
		{7E5F349E-E24F-43C6-80ED-80B1F623328E}.Debug|Any CPU.Build.0 = Debug|Any CPU
		{7E5F349E-E24F-43C6-80ED-80B1F623328E}.Release|Any CPU.ActiveCfg = Release|Any CPU
		{7E5F349E-E24F-43C6-80ED-80B1F623328E}.Release|Any CPU.Build.0 = Release|Any CPU
		{1F0C74B3-5CCB-48EB-A180-A56A01F0E149}.Debug|Any CPU.ActiveCfg = Debug|Any CPU
		{1F0C74B3-5CCB-48EB-A180-A56A01F0E149}.Debug|Any CPU.Build.0 = Debug|Any CPU
		{1F0C74B3-5CCB-48EB-A180-A56A01F0E149}.Release|Any CPU.ActiveCfg = Release|Any CPU
		{1F0C74B3-5CCB-48EB-A180-A56A01F0E149}.Release|Any CPU.Build.0 = Release|Any CPU
	EndGlobalSection
	GlobalSection(SolutionProperties) = preSolution
		HideSolutionNode = FALSE
	EndGlobalSection
	GlobalSection(ExtensibilityGlobals) = postSolution
		SolutionGuid = {CEC8A895-CA7C-4B43-B4D9-9923D11FABF6}
	EndGlobalSection
EndGlobal
